
Microsoft Visual Studio Solution File, Format Version 12.00
# Visual Studio Version 17
VisualStudioVersion = 17.2.32630.192
MinimumVisualStudioVersion = 10.0.40219.1
Project("{9A19103F-16F7-4668-BE54-9A1E7A4F7556}") = "TypespaceConversion", "Typespace\TypespaceConversion.csproj", "{18414B64-CDE1-491B-8FDC-D442527C878D}"
EndProject
Project("{9A19103F-16F7-4668-BE54-9A1E7A4F7556}") = "TypespaceConversion.Benchmarks.Console", "TypespaceConversion.Benchmarks.Console\TypespaceConversion.Benchmarks.Console.csproj", "{48E26811-7EB0-4C91-99FF-46664E5CEECA}"
EndProject
Project("{9A19103F-16F7-4668-BE54-9A1E7A4F7556}") = "TypespaceConversion.Tests", "TypespaceConversion.Tests\TypespaceConversion.Tests.csproj", "{2ADD3E8A-D5EB-4828-978E-200937C4B9A8}"
EndProject
Global
	GlobalSection(SolutionConfigurationPlatforms) = preSolution
		Debug|Any CPU = Debug|Any CPU
		Release|Any CPU = Release|Any CPU
	EndGlobalSection
	GlobalSection(ProjectConfigurationPlatforms) = postSolution
		{18414B64-CDE1-491B-8FDC-D442527C878D}.Debug|Any CPU.ActiveCfg = Debug|Any CPU
		{18414B64-CDE1-491B-8FDC-D442527C878D}.Debug|Any CPU.Build.0 = Debug|Any CPU
		{18414B64-CDE1-491B-8FDC-D442527C878D}.Release|Any CPU.ActiveCfg = Release|Any CPU
		{18414B64-CDE1-491B-8FDC-D442527C878D}.Release|Any CPU.Build.0 = Release|Any CPU
		{48E26811-7EB0-4C91-99FF-46664E5CEECA}.Debug|Any CPU.ActiveCfg = Debug|Any CPU
		{48E26811-7EB0-4C91-99FF-46664E5CEECA}.Debug|Any CPU.Build.0 = Debug|Any CPU
		{48E26811-7EB0-4C91-99FF-46664E5CEECA}.Release|Any CPU.ActiveCfg = Release|Any CPU
		{48E26811-7EB0-4C91-99FF-46664E5CEECA}.Release|Any CPU.Build.0 = Release|Any CPU
		{2ADD3E8A-D5EB-4828-978E-200937C4B9A8}.Debug|Any CPU.ActiveCfg = Debug|Any CPU
		{2ADD3E8A-D5EB-4828-978E-200937C4B9A8}.Debug|Any CPU.Build.0 = Debug|Any CPU
		{2ADD3E8A-D5EB-4828-978E-200937C4B9A8}.Release|Any CPU.ActiveCfg = Release|Any CPU
		{2ADD3E8A-D5EB-4828-978E-200937C4B9A8}.Release|Any CPU.Build.0 = Release|Any CPU
	EndGlobalSection
	GlobalSection(SolutionProperties) = preSolution
		HideSolutionNode = FALSE
	EndGlobalSection
	GlobalSection(ExtensibilityGlobals) = postSolution
		SolutionGuid = {D5EE7121-CAF1-4937-8A74-B6605B6E3C8B}
	EndGlobalSection
EndGlobal
